<?xml version="1.0" encoding="utf-8"?>
<Project ToolsVersion="4.0" xmlns="http://schemas.microsoft.com/developer/msbuild/2003">
  <ItemGroup>
    <ClCompile Include="main.cpp" />
    <ClCompile Include="stdafx.cpp" />
    <ClCompile Include="GameApp.cpp">
      <Filter>GameApp</Filter>
    </ClCompile>
    <ClCompile Include="TestBlinnPhong.cpp">
      <Filter>GameApp\Test</Filter>
    </ClCompile>
    <ClCompile Include="TestModelLoading.cpp">
      <Filter>GameApp\Test</Filter>
    </ClCompile>
    <ClCompile Include="TestShadowMapping.cpp">
      <Filter>GameApp\Test</Filter>
    </ClCompile>
    <ClCompile Include="TestSkyboxWithCube.cpp">
      <Filter>GameApp\Test</Filter>
    </ClCompile>
    <ClCompile Include="TestDeferredSSAO.cpp">
      <Filter>GameApp\Test</Filter>
    </ClCompile>
    <ClCompile Include="TestPBR.cpp">
      <Filter>GameApp\Test</Filter>
    </ClCompile>
    <ClCompile Include="TestBloom.cpp">
      <Filter>GameApp\Test</Filter>
    </ClCompile>
    <ClCompile Include="TestTerrain.cpp">
      <Filter>GameApp\Test2</Filter>
    </ClCompile>
    <ClCompile Include="TestForwardPlus.cpp">
      <Filter>GameApp\Test2</Filter>
    </ClCompile>
    <ClCompile Include="TestSimple.cpp">
      <Filter>GameApp\Test2</Filter>
    </ClCompile>
    <ClCompile Include="temp.cpp" />
  </ItemGroup>
  <ItemGroup>
    <ClInclude Include="stdafx.h" />
    <ClInclude Include="GameConfig.h" />
    <ClInclude Include="GameApp.h">
      <Filter>GameApp</Filter>
    </ClInclude>
    <ClInclude Include="TestBlinnPhong.h">
      <Filter>GameApp\Test</Filter>
    </ClInclude>
    <ClInclude Include="TestModelLoading.h">
      <Filter>GameApp\Test</Filter>
    </ClInclude>
    <ClInclude Include="TestShadowMapping.h">
      <Filter>GameApp\Test</Filter>
    </ClInclude>
    <ClInclude Include="TestSkyboxWithCube.h">
      <Filter>GameApp\Test</Filter>
    </ClInclude>
    <ClInclude Include="TestDeferredSSAO.h">
      <Filter>GameApp\Test</Filter>
    </ClInclude>
    <ClInclude Include="TestPBR.h">
      <Filter>GameApp\Test</Filter>
    </ClInclude>
    <ClInclude Include="TestBloom.h">
      <Filter>GameApp\Test</Filter>
    </ClInclude>
    <ClInclude Include="TestTerrain.h">
      <Filter>GameApp\Test2</Filter>
    </ClInclude>
    <ClInclude Include="TestForwardPlus.h">
      <Filter>GameApp\Test2</Filter>
    </ClInclude>
    <ClInclude Include="TestSimple.h">
      <Filter>GameApp\Test2</Filter>
    </ClInclude>
  </ItemGroup>
  <ItemGroup>
    <Filter Include="GameApp">
      <UniqueIdentifier>{88bd236d-eb32-4804-86a2-89192bf60a32}</UniqueIdentifier>
    </Filter>
    <Filter Include="GameApp\Test">
      <UniqueIdentifier>{a4afc0a1-64ea-4061-9112-24639dedacdf}</UniqueIdentifier>
    </Filter>
    <Filter Include="GameApp\Test2">
      <UniqueIdentifier>{6ec12468-041f-4337-b2b4-1980b07aee4f}</UniqueIdentifier>
    </Filter>
    <Filter Include="shaders">
      <UniqueIdentifier>{e9433f5d-1e2e-4389-88a1-81bfb14e769e}</UniqueIdentifier>
    </Filter>
  </ItemGroup>
  <ItemGroup>
    <None Include="..\..\bin\GameData\shaders\forwardplus.frag">
      <Filter>shaders</Filter>
    </None>
    <None Include="..\..\bin\GameData\shaders\forwardplus.vert">
      <Filter>shaders</Filter>
    </None>
    <None Include="..\..\bin\GameData\shaders\lightculling.comp">
      <Filter>shaders</Filter>
    </None>
  </ItemGroup>
</Project>