<?xml version="1.0" encoding="utf-8"?>
<Project ToolsVersion="4.0" xmlns="http://schemas.microsoft.com/developer/msbuild/2003">
  <ItemGroup>
    <ClCompile Include="main.cpp" />
    <ClCompile Include="stdafx.cpp" />
    <ClCompile Include="GameApp.cpp">
      <Filter>GameApp</Filter>
    </ClCompile>
    <ClCompile Include="TestBlinnPhong.cpp">
      <Filter>GameApp\Test</Filter>
    </ClCompile>
    <ClCompile Include="TestModelLoading.cpp">
      <Filter>GameApp\Test</Filter>
    </ClCompile>
    <ClCompile Include="TestShadowMapping.cpp">
      <Filter>GameApp\Test</Filter>
    </ClCompile>
    <ClCompile Include="TestSkyboxWithCube.cpp">
      <Filter>GameApp\Test</Filter>
    </ClCompile>
    <ClCompile Include="TestDeferredSSAO.cpp">
      <Filter>GameApp\Test</Filter>
    </ClCompile>
  </ItemGroup>
  <ItemGroup>
    <ClInclude Include="stdafx.h" />
    <ClInclude Include="GameConfig.h" />
    <ClInclude Include="GameApp.h">
      <Filter>GameApp</Filter>
    </ClInclude>
    <ClInclude Include="TestBlinnPhong.h">
      <Filter>GameApp\Test</Filter>
    </ClInclude>
    <ClInclude Include="TestModelLoading.h">
      <Filter>GameApp\Test</Filter>
    </ClInclude>
    <ClInclude Include="TestShadowMapping.h">
      <Filter>GameApp\Test</Filter>
    </ClInclude>
    <ClInclude Include="TestSkyboxWithCube.h">
      <Filter>GameApp\Test</Filter>
    </ClInclude>
    <ClInclude Include="TestDeferredSSAO.h">
      <Filter>GameApp\Test</Filter>
    </ClInclude>
  </ItemGroup>
  <ItemGroup>
    <Filter Include="GameApp">
      <UniqueIdentifier>{88bd236d-eb32-4804-86a2-89192bf60a32}</UniqueIdentifier>
    </Filter>
    <Filter Include="GameApp\Test">
      <UniqueIdentifier>{a4afc0a1-64ea-4061-9112-24639dedacdf}</UniqueIdentifier>
    </Filter>
  </ItemGroup>
</Project>