<?xml version="1.0" encoding="utf-8"?>
<Project ToolsVersion="4.0" xmlns="http://schemas.microsoft.com/developer/msbuild/2003">
  <ItemGroup>
    <ClCompile Include="stdafx.cpp" />
    <ClCompile Include="Log.cpp">
      <Filter>Core</Filter>
    </ClCompile>
    <ClCompile Include="EngineApp.cpp">
      <Filter>App</Filter>
    </ClCompile>
    <ClCompile Include="Profiler.cpp">
      <Filter>App</Filter>
    </ClCompile>
    <ClCompile Include="CoreFunc.cpp">
      <Filter>Core</Filter>
    </ClCompile>
    <ClCompile Include="GraphicSystem.cpp">
      <Filter>OLD\Graphics</Filter>
    </ClCompile>
    <ClCompile Include="MaterialOLD.cpp">
      <Filter>OLD\Graphics</Filter>
    </ClCompile>
    <ClCompile Include="MeshOLD.cpp">
      <Filter>OLD\Graphics</Filter>
    </ClCompile>
    <ClCompile Include="ModelOLD.cpp">
      <Filter>OLD\Graphics</Filter>
    </ClCompile>
    <ClCompile Include="PipelineShadowMapping.cpp">
      <Filter>OLD\Render\Pipelines</Filter>
    </ClCompile>
    <ClCompile Include="LightOLD.cpp">
      <Filter>OLD\Graphics</Filter>
    </ClCompile>
    <ClCompile Include="PipelineDeferredSSAO.cpp">
      <Filter>OLD\Render\Pipelines</Filter>
    </ClCompile>
    <ClCompile Include="PipelineBloom.cpp">
      <Filter>OLD\Render\Pipelines</Filter>
    </ClCompile>
    <ClCompile Include="RenderData.cpp">
      <Filter>OLD\Render</Filter>
    </ClCompile>
    <ClCompile Include="DepthPrepass.cpp">
      <Filter>OLD\Render\RenderPass</Filter>
    </ClCompile>
    <ClCompile Include="FileUtils.cpp">
      <Filter>Core</Filter>
    </ClCompile>
    <ClCompile Include="CoreMath.cpp">
      <Filter>Math</Filter>
    </ClCompile>
    <ClCompile Include="OpenGL4Advance.cpp">
      <Filter>OLD\RHI\old</Filter>
    </ClCompile>
    <ClCompile Include="OpenGL4Simple.cpp">
      <Filter>OLD\RHI\old</Filter>
    </ClCompile>
    <ClCompile Include="OpenGL4DebugMarker.cpp">
      <Filter>RHI</Filter>
    </ClCompile>
    <ClCompile Include="OpenGL4Shader.cpp">
      <Filter>RHI\Resources</Filter>
    </ClCompile>
    <ClCompile Include="OpenGL4Buffer.cpp">
      <Filter>RHI\Resources</Filter>
    </ClCompile>
    <ClCompile Include="OpenGL4Texture.cpp">
      <Filter>RHI\Resources</Filter>
    </ClCompile>
    <ClCompile Include="OpenGL4Sampler.cpp">
      <Filter>RHI\Resources</Filter>
    </ClCompile>
    <ClCompile Include="OpenGL4DeviceProperties.cpp">
      <Filter>RHI\Context</Filter>
    </ClCompile>
    <ClCompile Include="OpenGL4Context.cpp">
      <Filter>RHI\Context</Filter>
    </ClCompile>
    <ClCompile Include="OpenGL4SamplerCache.cpp">
      <Filter>RHI\Context</Filter>
    </ClCompile>
    <ClCompile Include="OpenGL4VertexArrayCache.cpp">
      <Filter>RHI\Context</Filter>
    </ClCompile>
    <ClCompile Include="OpenGL4Pipeline.cpp">
      <Filter>RHI\Resources</Filter>
    </ClCompile>
    <ClCompile Include="OpenGL4PipelineManager.cpp">
      <Filter>RHI\Context</Filter>
    </ClCompile>
    <ClCompile Include="OpenGL4FramebufferCache.cpp">
      <Filter>RHI\Context</Filter>
    </ClCompile>
    <ClCompile Include="OpenGL4Render.cpp">
      <Filter>RHI</Filter>
    </ClCompile>
    <ClCompile Include="OpenGL4Cmd.cpp">
      <Filter>RHI</Filter>
    </ClCompile>
    <ClCompile Include="BoundingBox.cpp">
      <Filter>Math</Filter>
    </ClCompile>
    <ClCompile Include="Camera.cpp">
      <Filter>Render</Filter>
    </ClCompile>
    <ClCompile Include="Mesh.cpp">
      <Filter>Render</Filter>
    </ClCompile>
    <ClCompile Include="Material.cpp">
      <Filter>Render</Filter>
    </ClCompile>
    <ClCompile Include="Model.cpp">
      <Filter>Render</Filter>
    </ClCompile>
  </ItemGroup>
  <ItemGroup>
    <ClInclude Include="stdafx.h" />
    <ClInclude Include="Log.h">
      <Filter>Core</Filter>
    </ClInclude>
    <ClInclude Include="EngineApp.h">
      <Filter>App</Filter>
    </ClInclude>
    <ClInclude Include="Engine.h" />
    <ClInclude Include="Profiler.h">
      <Filter>App</Filter>
    </ClInclude>
    <ClInclude Include="CoreFunc.h">
      <Filter>Core</Filter>
    </ClInclude>
    <ClInclude Include="GraphicSystem.h">
      <Filter>OLD\Graphics</Filter>
    </ClInclude>
    <ClInclude Include="MaterialOLD.h">
      <Filter>OLD\Graphics</Filter>
    </ClInclude>
    <ClInclude Include="MeshOLD.h">
      <Filter>OLD\Graphics</Filter>
    </ClInclude>
    <ClInclude Include="ModelOLD.h">
      <Filter>OLD\Graphics</Filter>
    </ClInclude>
    <ClInclude Include="PipelineShadowMapping.h">
      <Filter>OLD\Render\Pipelines</Filter>
    </ClInclude>
    <ClInclude Include="LightOLD.h">
      <Filter>OLD\Graphics</Filter>
    </ClInclude>
    <ClInclude Include="PipelineDeferredSSAO.h">
      <Filter>OLD\Render\Pipelines</Filter>
    </ClInclude>
    <ClInclude Include="PipelineDeferredSSAOShaders.h">
      <Filter>OLD\Render\Pipelines</Filter>
    </ClInclude>
    <ClInclude Include="PipelineBloom.h">
      <Filter>OLD\Render\Pipelines</Filter>
    </ClInclude>
    <ClInclude Include="RenderData.h">
      <Filter>OLD\Render</Filter>
    </ClInclude>
    <ClInclude Include="DepthPrepass.h">
      <Filter>OLD\Render\RenderPass</Filter>
    </ClInclude>
    <ClInclude Include="BaseHeader.h">
      <Filter>Base</Filter>
    </ClInclude>
    <ClInclude Include="BasePlatform.h">
      <Filter>Base</Filter>
    </ClInclude>
    <ClInclude Include="EngineConfig.h">
      <Filter>Base</Filter>
    </ClInclude>
    <ClInclude Include="StrUtils.h">
      <Filter>Core</Filter>
    </ClInclude>
    <ClInclude Include="FileUtils.h">
      <Filter>Core</Filter>
    </ClInclude>
    <ClInclude Include="Input.h">
      <Filter>App</Filter>
    </ClInclude>
    <ClInclude Include="CoreMath.h">
      <Filter>Math</Filter>
    </ClInclude>
    <ClInclude Include="FlagsUtils.h">
      <Filter>Core</Filter>
    </ClInclude>
    <ClInclude Include="BasicTypes.h">
      <Filter>Core</Filter>
    </ClInclude>
    <ClInclude Include="Hash.h">
      <Filter>Core</Filter>
    </ClInclude>
    <ClInclude Include="OpenGL4Simple.h">
      <Filter>OLD\RHI\old</Filter>
    </ClInclude>
    <ClInclude Include="OpenGL4Advance.h">
      <Filter>OLD\RHI\old</Filter>
    </ClInclude>
    <ClInclude Include="OpenGL4Core.h">
      <Filter>RHI</Filter>
    </ClInclude>
    <ClInclude Include="OpenGL4ApiToEnum.h">
      <Filter>RHI</Filter>
    </ClInclude>
    <ClInclude Include="OpenGL4DebugMarker.h">
      <Filter>RHI</Filter>
    </ClInclude>
    <ClInclude Include="OpenGL4Shader.h">
      <Filter>RHI\Resources</Filter>
    </ClInclude>
    <ClInclude Include="OpenGL4Buffer.h">
      <Filter>RHI\Resources</Filter>
    </ClInclude>
    <ClInclude Include="BasicConstants.h">
      <Filter>Core</Filter>
    </ClInclude>
    <ClInclude Include="OpenGL4Texture.h">
      <Filter>RHI\Resources</Filter>
    </ClInclude>
    <ClInclude Include="OpenGL4Sampler.h">
      <Filter>RHI\Resources</Filter>
    </ClInclude>
    <ClInclude Include="OpenGL4DeviceProperties.h">
      <Filter>RHI\Context</Filter>
    </ClInclude>
    <ClInclude Include="OpenGL4Context.h">
      <Filter>RHI\Context</Filter>
    </ClInclude>
    <ClInclude Include="OpenGL4SamplerCache.h">
      <Filter>RHI\Context</Filter>
    </ClInclude>
    <ClInclude Include="OpenGL4VertexArrayCache.h">
      <Filter>RHI\Context</Filter>
    </ClInclude>
    <ClInclude Include="OpenGL4Pipeline.h">
      <Filter>RHI\Resources</Filter>
    </ClInclude>
    <ClInclude Include="OpenGL4PipelineManager.h">
      <Filter>RHI\Context</Filter>
    </ClInclude>
    <ClInclude Include="OpenGL4FramebufferCache.h">
      <Filter>RHI\Context</Filter>
    </ClInclude>
    <ClInclude Include="OpenGL4Render.h">
      <Filter>RHI</Filter>
    </ClInclude>
    <ClInclude Include="OpenGL4Cmd.h">
      <Filter>RHI</Filter>
    </ClInclude>
    <ClInclude Include="BoundingBox.h">
      <Filter>Math</Filter>
    </ClInclude>
    <ClInclude Include="Camera.h">
      <Filter>Render</Filter>
    </ClInclude>
    <ClInclude Include="Mesh.h">
      <Filter>Render</Filter>
    </ClInclude>
    <ClInclude Include="Material.h">
      <Filter>Render</Filter>
    </ClInclude>
    <ClInclude Include="Model.h">
      <Filter>Render</Filter>
    </ClInclude>
  </ItemGroup>
  <ItemGroup>
    <Filter Include="App">
      <UniqueIdentifier>{784c67a7-c103-49ce-a835-233c3aa502c2}</UniqueIdentifier>
    </Filter>
    <Filter Include="RHI">
      <UniqueIdentifier>{a7d95fed-4ab8-4e07-bec9-948d744163d9}</UniqueIdentifier>
    </Filter>
    <Filter Include="Math">
      <UniqueIdentifier>{a606259f-5eed-44b4-a4d8-23c2f55e9e50}</UniqueIdentifier>
    </Filter>
    <Filter Include="Scene">
      <UniqueIdentifier>{7c3bc350-aa8a-420d-b6db-71b56f1171f2}</UniqueIdentifier>
    </Filter>
    <Filter Include="Core">
      <UniqueIdentifier>{dd46222f-db0a-4949-8c3b-dfa5952befcf}</UniqueIdentifier>
    </Filter>
    <Filter Include="Base">
      <UniqueIdentifier>{fa34636f-7a07-4f3e-984b-943a463ecdc9}</UniqueIdentifier>
    </Filter>
    <Filter Include="RHI\Resources">
      <UniqueIdentifier>{46763eeb-be64-41ac-af68-2b8663fae12f}</UniqueIdentifier>
    </Filter>
    <Filter Include="RHI\Context">
      <UniqueIdentifier>{d76b5ed9-72b7-426b-bcb7-28bc576c9ff0}</UniqueIdentifier>
    </Filter>
    <Filter Include="OLD">
      <UniqueIdentifier>{03d6bf79-bc13-4117-9833-eeccf7a9507d}</UniqueIdentifier>
    </Filter>
    <Filter Include="OLD\Graphics">
      <UniqueIdentifier>{31c8c2b4-7516-41ba-994f-903862b1b25e}</UniqueIdentifier>
    </Filter>
    <Filter Include="OLD\Render">
      <UniqueIdentifier>{9ac3560a-13ac-4264-a284-4742be8f1525}</UniqueIdentifier>
    </Filter>
    <Filter Include="OLD\Render\Pipelines">
      <UniqueIdentifier>{c688fb09-8a0a-4990-9f32-e7fa1a4414b7}</UniqueIdentifier>
    </Filter>
    <Filter Include="OLD\Render\RenderPass">
      <UniqueIdentifier>{5180e80b-7898-4e76-9a65-b53a9689645c}</UniqueIdentifier>
    </Filter>
    <Filter Include="OLD\RHI">
      <UniqueIdentifier>{521f9e23-610a-46c3-8008-437af5269368}</UniqueIdentifier>
    </Filter>
    <Filter Include="OLD\RHI\old">
      <UniqueIdentifier>{66b1edc4-681a-4be6-ab33-8e0ee4e4e056}</UniqueIdentifier>
    </Filter>
    <Filter Include="Render">
      <UniqueIdentifier>{2aae9673-9a65-476a-bebe-2d7a0b38ebed}</UniqueIdentifier>
    </Filter>
  </ItemGroup>
</Project>