<?xml version="1.0" encoding="utf-8"?>
<Project ToolsVersion="4.0" xmlns="http://schemas.microsoft.com/developer/msbuild/2003">
  <ItemGroup>
    <ClCompile Include="stdafx.cpp" />
    <ClCompile Include="OpenGL4Simple.cpp">
      <Filter>RHI</Filter>
    </ClCompile>
    <ClCompile Include="Log.cpp">
      <Filter>Core</Filter>
    </ClCompile>
    <ClCompile Include="EngineApp.cpp">
      <Filter>App</Filter>
    </ClCompile>
    <ClCompile Include="Profiler.cpp">
      <Filter>App</Filter>
    </ClCompile>
    <ClCompile Include="CoreFunc.cpp">
      <Filter>Core</Filter>
    </ClCompile>
    <ClCompile Include="GraphicSystem.cpp">
      <Filter>Graphics</Filter>
    </ClCompile>
    <ClCompile Include="Camera.cpp">
      <Filter>Graphics</Filter>
    </ClCompile>
    <ClCompile Include="Material.cpp">
      <Filter>Graphics</Filter>
    </ClCompile>
    <ClCompile Include="Mesh.cpp">
      <Filter>Graphics</Filter>
    </ClCompile>
    <ClCompile Include="Model.cpp">
      <Filter>Graphics</Filter>
    </ClCompile>
    <ClCompile Include="PipelineShadowMapping.cpp">
      <Filter>Render\Pipelines</Filter>
    </ClCompile>
    <ClCompile Include="Light.cpp">
      <Filter>Graphics</Filter>
    </ClCompile>
    <ClCompile Include="PipelineDeferredSSAO.cpp">
      <Filter>Render\Pipelines</Filter>
    </ClCompile>
    <ClCompile Include="PipelineBloom.cpp">
      <Filter>Render\Pipelines</Filter>
    </ClCompile>
    <ClCompile Include="RenderData.cpp">
      <Filter>Render</Filter>
    </ClCompile>
    <ClCompile Include="DepthPrepass.cpp">
      <Filter>Render\RenderPass</Filter>
    </ClCompile>
    <ClCompile Include="FileUtils.cpp">
      <Filter>Core</Filter>
    </ClCompile>
    <ClCompile Include="CoreMath.cpp">
      <Filter>Math</Filter>
    </ClCompile>
    <ClCompile Include="OpenGL4DebugMarker.cpp">
      <Filter>RHI\OpenGL4Framework</Filter>
    </ClCompile>
    <ClCompile Include="OpenGL4BaseType.cpp">
      <Filter>RHI\OpenGL4Framework</Filter>
    </ClCompile>
    <ClCompile Include="OpenGL4Buffer.cpp">
      <Filter>RHI\OpenGL4Framework</Filter>
    </ClCompile>
    <ClCompile Include="OpenGL4ApiToEnum.cpp">
      <Filter>RHI\OpenGL4Framework</Filter>
    </ClCompile>
    <ClCompile Include="OpenGL4Texture.cpp">
      <Filter>RHI\OpenGL4Framework</Filter>
    </ClCompile>
    <ClCompile Include="OpenGL4Context.cpp">
      <Filter>RHI\OpenGL4Framework</Filter>
    </ClCompile>
    <ClCompile Include="OpenGL4Shader.cpp">
      <Filter>RHI\OpenGL4Framework</Filter>
    </ClCompile>
    <ClCompile Include="ShaderGLSL.cpp">
      <Filter>RHI\OpenGL4Framework\private</Filter>
    </ClCompile>
    <ClCompile Include="ShaderSPIRV.cpp">
      <Filter>RHI\OpenGL4Framework\private</Filter>
    </ClCompile>
    <ClCompile Include="OpenGL4Sampler.cpp">
      <Filter>RHI\OpenGL4Framework</Filter>
    </ClCompile>
    <ClCompile Include="OpenGL4VertexArray.cpp">
      <Filter>RHI\OpenGL4Framework</Filter>
    </ClCompile>
    <ClCompile Include="OpenGL4Framebuffer.cpp">
      <Filter>RHI\OpenGL4Framework</Filter>
    </ClCompile>
    <ClCompile Include="OpenGL4Rendering.cpp">
      <Filter>RHI\OpenGL4Framework</Filter>
    </ClCompile>
    <ClCompile Include="OpenGL4Pipeline.cpp">
      <Filter>RHI\OpenGL4Framework</Filter>
    </ClCompile>
    <ClCompile Include="OpenGL4PipelineManager.cpp">
      <Filter>RHI\OpenGL4Framework</Filter>
    </ClCompile>
    <ClCompile Include="OpenGL4Timer.cpp">
      <Filter>RHI\OpenGL4Framework</Filter>
    </ClCompile>
    <ClCompile Include="RsmTechnique.cpp">
      <Filter>RHI\OpenGL4Framework\Advance</Filter>
    </ClCompile>
  </ItemGroup>
  <ItemGroup>
    <ClInclude Include="stdafx.h" />
    <ClInclude Include="OpenGL4Simple.h">
      <Filter>RHI</Filter>
    </ClInclude>
    <ClInclude Include="Log.h">
      <Filter>Core</Filter>
    </ClInclude>
    <ClInclude Include="EngineApp.h">
      <Filter>App</Filter>
    </ClInclude>
    <ClInclude Include="Engine.h" />
    <ClInclude Include="Profiler.h">
      <Filter>App</Filter>
    </ClInclude>
    <ClInclude Include="CoreFunc.h">
      <Filter>Core</Filter>
    </ClInclude>
    <ClInclude Include="GraphicSystem.h">
      <Filter>Graphics</Filter>
    </ClInclude>
    <ClInclude Include="Camera.h">
      <Filter>Graphics</Filter>
    </ClInclude>
    <ClInclude Include="Material.h">
      <Filter>Graphics</Filter>
    </ClInclude>
    <ClInclude Include="Mesh.h">
      <Filter>Graphics</Filter>
    </ClInclude>
    <ClInclude Include="Model.h">
      <Filter>Graphics</Filter>
    </ClInclude>
    <ClInclude Include="PipelineShadowMapping.h">
      <Filter>Render\Pipelines</Filter>
    </ClInclude>
    <ClInclude Include="Light.h">
      <Filter>Graphics</Filter>
    </ClInclude>
    <ClInclude Include="PipelineDeferredSSAO.h">
      <Filter>Render\Pipelines</Filter>
    </ClInclude>
    <ClInclude Include="PipelineDeferredSSAOShaders.h">
      <Filter>Render\Pipelines</Filter>
    </ClInclude>
    <ClInclude Include="PipelineBloom.h">
      <Filter>Render\Pipelines</Filter>
    </ClInclude>
    <ClInclude Include="RenderData.h">
      <Filter>Render</Filter>
    </ClInclude>
    <ClInclude Include="DepthPrepass.h">
      <Filter>Render\RenderPass</Filter>
    </ClInclude>
    <ClInclude Include="BaseHeader.h">
      <Filter>Base</Filter>
    </ClInclude>
    <ClInclude Include="BasePlatform.h">
      <Filter>Base</Filter>
    </ClInclude>
    <ClInclude Include="EngineConfig.h">
      <Filter>Base</Filter>
    </ClInclude>
    <ClInclude Include="StrUtils.h">
      <Filter>Core</Filter>
    </ClInclude>
    <ClInclude Include="FileUtils.h">
      <Filter>Core</Filter>
    </ClInclude>
    <ClInclude Include="Input.h">
      <Filter>App</Filter>
    </ClInclude>
    <ClInclude Include="CoreMath.h">
      <Filter>Math</Filter>
    </ClInclude>
    <ClInclude Include="OpenGL4DebugMarker.h">
      <Filter>RHI\OpenGL4Framework</Filter>
    </ClInclude>
    <ClInclude Include="FlagsUtils.h">
      <Filter>Core</Filter>
    </ClInclude>
    <ClInclude Include="BasicTypes.h">
      <Filter>Core</Filter>
    </ClInclude>
    <ClInclude Include="OpenGL4BaseType.h">
      <Filter>RHI\OpenGL4Framework</Filter>
    </ClInclude>
    <ClInclude Include="OpenGL4Buffer.h">
      <Filter>RHI\OpenGL4Framework</Filter>
    </ClInclude>
    <ClInclude Include="OpenGL4ApiToEnum.h">
      <Filter>RHI\OpenGL4Framework</Filter>
    </ClInclude>
    <ClInclude Include="OpenGL4Texture.h">
      <Filter>RHI\OpenGL4Framework</Filter>
    </ClInclude>
    <ClInclude Include="OpenGL4Context.h">
      <Filter>RHI\OpenGL4Framework</Filter>
    </ClInclude>
    <ClInclude Include="OpenGL4Shader.h">
      <Filter>RHI\OpenGL4Framework</Filter>
    </ClInclude>
    <ClInclude Include="ShaderGLSL.h">
      <Filter>RHI\OpenGL4Framework\private</Filter>
    </ClInclude>
    <ClInclude Include="ShaderSPIRV.h">
      <Filter>RHI\OpenGL4Framework\private</Filter>
    </ClInclude>
    <ClInclude Include="OpenGL4Sampler.h">
      <Filter>RHI\OpenGL4Framework</Filter>
    </ClInclude>
    <ClInclude Include="Hash.h">
      <Filter>Core</Filter>
    </ClInclude>
    <ClInclude Include="OpenGL4VertexArray.h">
      <Filter>RHI\OpenGL4Framework</Filter>
    </ClInclude>
    <ClInclude Include="OpenGL4Framebuffer.h">
      <Filter>RHI\OpenGL4Framework</Filter>
    </ClInclude>
    <ClInclude Include="OpenGL4Rendering.h">
      <Filter>RHI\OpenGL4Framework</Filter>
    </ClInclude>
    <ClInclude Include="OpenGL4Pipeline.h">
      <Filter>RHI\OpenGL4Framework</Filter>
    </ClInclude>
    <ClInclude Include="OpenGL4PipelineManager.h">
      <Filter>RHI\OpenGL4Framework</Filter>
    </ClInclude>
    <ClInclude Include="OpenGL4Timer.h">
      <Filter>RHI\OpenGL4Framework</Filter>
    </ClInclude>
    <ClInclude Include="RsmTechnique.h">
      <Filter>RHI\OpenGL4Framework\Advance</Filter>
    </ClInclude>
  </ItemGroup>
  <ItemGroup>
    <Filter Include="App">
      <UniqueIdentifier>{784c67a7-c103-49ce-a835-233c3aa502c2}</UniqueIdentifier>
    </Filter>
    <Filter Include="RHI">
      <UniqueIdentifier>{a7d95fed-4ab8-4e07-bec9-948d744163d9}</UniqueIdentifier>
    </Filter>
    <Filter Include="Math">
      <UniqueIdentifier>{a606259f-5eed-44b4-a4d8-23c2f55e9e50}</UniqueIdentifier>
    </Filter>
    <Filter Include="Scene">
      <UniqueIdentifier>{7c3bc350-aa8a-420d-b6db-71b56f1171f2}</UniqueIdentifier>
    </Filter>
    <Filter Include="Graphics">
      <UniqueIdentifier>{31c8c2b4-7516-41ba-994f-903862b1b25e}</UniqueIdentifier>
    </Filter>
    <Filter Include="Core">
      <UniqueIdentifier>{dd46222f-db0a-4949-8c3b-dfa5952befcf}</UniqueIdentifier>
    </Filter>
    <Filter Include="Render">
      <UniqueIdentifier>{9ac3560a-13ac-4264-a284-4742be8f1525}</UniqueIdentifier>
    </Filter>
    <Filter Include="Render\Pipelines">
      <UniqueIdentifier>{c688fb09-8a0a-4990-9f32-e7fa1a4414b7}</UniqueIdentifier>
    </Filter>
    <Filter Include="Render\RenderPass">
      <UniqueIdentifier>{5180e80b-7898-4e76-9a65-b53a9689645c}</UniqueIdentifier>
    </Filter>
    <Filter Include="Base">
      <UniqueIdentifier>{fa34636f-7a07-4f3e-984b-943a463ecdc9}</UniqueIdentifier>
    </Filter>
    <Filter Include="RHI\OpenGL4Framework">
      <UniqueIdentifier>{c26b03b6-8dcd-4a1e-b8bc-5019439f997a}</UniqueIdentifier>
    </Filter>
    <Filter Include="RHI\OpenGL4Framework\private">
      <UniqueIdentifier>{c01b6278-412a-4db3-9a86-fb2e41d35ce9}</UniqueIdentifier>
    </Filter>
    <Filter Include="RHI\OpenGL4Framework\Advance">
      <UniqueIdentifier>{d3878b47-c6e3-47bb-909b-2b5d9e5ccb20}</UniqueIdentifier>
    </Filter>
  </ItemGroup>
</Project>