<?xml version="1.0" encoding="utf-8"?>
<Project ToolsVersion="4.0" xmlns="http://schemas.microsoft.com/developer/msbuild/2003">
  <ItemGroup>
    <ClCompile Include="main.cpp" />
    <ClCompile Include="stdafx.cpp" />
    <ClCompile Include="Example001.cpp">
      <Filter>01_BaseExamples</Filter>
    </ClCompile>
    <ClCompile Include="Example002.cpp">
      <Filter>01_BaseExamples</Filter>
    </ClCompile>
    <ClCompile Include="Example003.cpp">
      <Filter>01_BaseExamples</Filter>
    </ClCompile>
    <ClCompile Include="Example004.cpp">
      <Filter>01_BaseExamples</Filter>
    </ClCompile>
    <ClCompile Include="Example005.cpp">
      <Filter>01_BaseExamples</Filter>
    </ClCompile>
    <ClCompile Include="Example006.cpp">
      <Filter>01_BaseExamples</Filter>
    </ClCompile>
    <ClCompile Include="Example007.cpp">
      <Filter>01_BaseExamples</Filter>
    </ClCompile>
    <ClCompile Include="Example008.cpp">
      <Filter>01_BaseExamples</Filter>
    </ClCompile>
    <ClCompile Include="TestXXX.cpp" />
    <ClCompile Include="Demo001.cpp">
      <Filter>XX_Demo</Filter>
    </ClCompile>
    <ClCompile Include="Example009.cpp">
      <Filter>01_BaseExamples</Filter>
    </ClCompile>
    <ClCompile Include="TM_000.cpp">
      <Filter>02_ThinMatrix</Filter>
    </ClCompile>
  </ItemGroup>
  <ItemGroup>
    <ClInclude Include="stdafx.h" />
    <ClInclude Include="Example001.h">
      <Filter>01_BaseExamples</Filter>
    </ClInclude>
    <ClInclude Include="Example002.h">
      <Filter>01_BaseExamples</Filter>
    </ClInclude>
    <ClInclude Include="Example003.h">
      <Filter>01_BaseExamples</Filter>
    </ClInclude>
    <ClInclude Include="Example004.h">
      <Filter>01_BaseExamples</Filter>
    </ClInclude>
    <ClInclude Include="Example005.h">
      <Filter>01_BaseExamples</Filter>
    </ClInclude>
    <ClInclude Include="Example006.h">
      <Filter>01_BaseExamples</Filter>
    </ClInclude>
    <ClInclude Include="Example007.h">
      <Filter>01_BaseExamples</Filter>
    </ClInclude>
    <ClInclude Include="Example008.h">
      <Filter>01_BaseExamples</Filter>
    </ClInclude>
    <ClInclude Include="TestXXX.h" />
    <ClInclude Include="Demo001.h">
      <Filter>XX_Demo</Filter>
    </ClInclude>
    <ClInclude Include="Example009.h">
      <Filter>01_BaseExamples</Filter>
    </ClInclude>
    <ClInclude Include="TM_000.h">
      <Filter>02_ThinMatrix</Filter>
    </ClInclude>
  </ItemGroup>
  <ItemGroup>
    <Filter Include="01_BaseExamples">
      <UniqueIdentifier>{d4085903-5c45-4e41-a558-2a8b5da2c669}</UniqueIdentifier>
    </Filter>
    <Filter Include="XX_Demo">
      <UniqueIdentifier>{c0084ff4-5804-4773-8020-9f6988f53f18}</UniqueIdentifier>
    </Filter>
    <Filter Include="02_ThinMatrix">
      <UniqueIdentifier>{57944248-c5d9-4c64-a768-dcf227f02c3c}</UniqueIdentifier>
    </Filter>
  </ItemGroup>
</Project>