<?xml version="1.0" encoding="utf-8"?>
<Project ToolsVersion="4.0" xmlns="http://schemas.microsoft.com/developer/msbuild/2003">
  <ItemGroup>
    <ClCompile Include="main.cpp" />
    <ClCompile Include="stdafx.cpp" />
    <ClCompile Include="Example001.cpp">
      <Filter>01_BaseExamples</Filter>
    </ClCompile>
    <ClCompile Include="Example002.cpp">
      <Filter>01_BaseExamples</Filter>
    </ClCompile>
    <ClCompile Include="Example003.cpp">
      <Filter>01_BaseExamples</Filter>
    </ClCompile>
    <ClCompile Include="Example004.cpp">
      <Filter>01_BaseExamples</Filter>
    </ClCompile>
    <ClCompile Include="Example005.cpp">
      <Filter>01_BaseExamples</Filter>
    </ClCompile>
    <ClCompile Include="Temp.cpp" />
  </ItemGroup>
  <ItemGroup>
    <ClInclude Include="stdafx.h" />
    <ClInclude Include="Example001.h">
      <Filter>01_BaseExamples</Filter>
    </ClInclude>
    <ClInclude Include="Example002.h">
      <Filter>01_BaseExamples</Filter>
    </ClInclude>
    <ClInclude Include="Example003.h">
      <Filter>01_BaseExamples</Filter>
    </ClInclude>
    <ClInclude Include="Example004.h">
      <Filter>01_BaseExamples</Filter>
    </ClInclude>
    <ClInclude Include="Example005.h">
      <Filter>01_BaseExamples</Filter>
    </ClInclude>
    <ClInclude Include="Temp.h" />
  </ItemGroup>
  <ItemGroup>
    <Filter Include="01_BaseExamples">
      <UniqueIdentifier>{d4085903-5c45-4e41-a558-2a8b5da2c669}</UniqueIdentifier>
    </Filter>
  </ItemGroup>
</Project>